
Microsoft Visual Studio Solution File, Format Version 12.00
# Visual Studio Version 17
VisualStudioVersion = 17.6.33723.286
MinimumVisualStudioVersion = 10.0.40219.1
Project("{FAE04EC0-301F-11D3-BF4B-00C04F79EFBC}") = "QuotesBE", "QuotesBE\QuotesBE.csproj", "{BCFC709E-3D99-4EAE-9427-BBF1A2D6865A}"
EndProject
Project("{FAE04EC0-301F-11D3-BF4B-00C04F79EFBC}") = "Contracts", "Contracts\Contracts.csproj", "{F406AA0B-1EAE-4E87-ABAC-0AE42B491A70}"
EndProject
Project("{FAE04EC0-301F-11D3-BF4B-00C04F79EFBC}") = "LoggerService", "LoggerService\LoggerService.csproj", "{F16B8BA3-9A2D-4A26-8A5C-26C35A8FDA57}"
EndProject
Global
	GlobalSection(SolutionConfigurationPlatforms) = preSolution
		Debug|Any CPU = Debug|Any CPU
		Release|Any CPU = Release|Any CPU
	EndGlobalSection
	GlobalSection(ProjectConfigurationPlatforms) = postSolution
		{BCFC709E-3D99-4EAE-9427-BBF1A2D6865A}.Debug|Any CPU.ActiveCfg = Debug|Any CPU
		{BCFC709E-3D99-4EAE-9427-BBF1A2D6865A}.Debug|Any CPU.Build.0 = Debug|Any CPU
		{BCFC709E-3D99-4EAE-9427-BBF1A2D6865A}.Release|Any CPU.ActiveCfg = Release|Any CPU
		{BCFC709E-3D99-4EAE-9427-BBF1A2D6865A}.Release|Any CPU.Build.0 = Release|Any CPU
		{F406AA0B-1EAE-4E87-ABAC-0AE42B491A70}.Debug|Any CPU.ActiveCfg = Debug|Any CPU
		{F406AA0B-1EAE-4E87-ABAC-0AE42B491A70}.Debug|Any CPU.Build.0 = Debug|Any CPU
		{F406AA0B-1EAE-4E87-ABAC-0AE42B491A70}.Release|Any CPU.ActiveCfg = Release|Any CPU
		{F406AA0B-1EAE-4E87-ABAC-0AE42B491A70}.Release|Any CPU.Build.0 = Release|Any CPU
		{F16B8BA3-9A2D-4A26-8A5C-26C35A8FDA57}.Debug|Any CPU.ActiveCfg = Debug|Any CPU
		{F16B8BA3-9A2D-4A26-8A5C-26C35A8FDA57}.Debug|Any CPU.Build.0 = Debug|Any CPU
		{F16B8BA3-9A2D-4A26-8A5C-26C35A8FDA57}.Release|Any CPU.ActiveCfg = Release|Any CPU
		{F16B8BA3-9A2D-4A26-8A5C-26C35A8FDA57}.Release|Any CPU.Build.0 = Release|Any CPU
	EndGlobalSection
	GlobalSection(SolutionProperties) = preSolution
		HideSolutionNode = FALSE
	EndGlobalSection
	GlobalSection(ExtensibilityGlobals) = postSolution
		SolutionGuid = {BC51A51E-DACE-458B-86C4-E2768603BF17}
	EndGlobalSection
EndGlobal
